
Microsoft Visual Studio Solution File, Format Version 12.00
# Visual Studio 2013
VisualStudioVersion = 12.0.30501.0
MinimumVisualStudioVersion = 10.0.40219.1
Project("{8BC9CEB8-8B4A-11D0-8D11-00A0C91BC942}") = "UOP", "Project\UOP\UOP.vcxproj", "{1D719976-6E72-4397-9E29-002770AD43A9}"
	ProjectSection(ProjectDependencies) = postProject
		{35585369-EF80-4CE7-B67C-91F86BF50FED} = {35585369-EF80-4CE7-B67C-91F86BF50FED}
		{252EB1D5-B8EA-4259-88FD-EE720FE236BE} = {252EB1D5-B8EA-4259-88FD-EE720FE236BE}
	EndProjectSection
EndProject
Project("{8BC9CEB8-8B4A-11D0-8D11-00A0C91BC942}") = "Matrox", "Library\Matrox\Matrox.vcxproj", "{252EB1D5-B8EA-4259-88FD-EE720FE236BE}"
	ProjectSection(ProjectDependencies) = postProject
		{35585369-EF80-4CE7-B67C-91F86BF50FED} = {35585369-EF80-4CE7-B67C-91F86BF50FED}
	EndProjectSection
EndProject
Project("{8BC9CEB8-8B4A-11D0-8D11-00A0C91BC942}") = "UniUtility", "Library\UniUtility\UniUtility.vcxproj", "{35585369-EF80-4CE7-B67C-91F86BF50FED}"
EndProject
Project("{8BC9CEB8-8B4A-11D0-8D11-00A0C91BC942}") = "MilTest", "TestPrg\MilTest\MilTest.vcxproj", "{969C9429-F9C1-4B20-8C92-9F7FBBD9F730}"
	ProjectSection(ProjectDependencies) = postProject
		{35585369-EF80-4CE7-B67C-91F86BF50FED} = {35585369-EF80-4CE7-B67C-91F86BF50FED}
		{252EB1D5-B8EA-4259-88FD-EE720FE236BE} = {252EB1D5-B8EA-4259-88FD-EE720FE236BE}
	EndProjectSection
EndProject
Project("{8BC9CEB8-8B4A-11D0-8D11-00A0C91BC942}") = "ItfModelBase", "Library\Algorithm\ItfModelBase\ItfModelBase.vcxproj", "{66C496D6-1BEA-4E0F-8667-8FB2662543EB}"
EndProject
Project("{2150E333-8FDC-42A3-9474-1A3956D46DE8}") = "ItfModule", "ItfModule", "{FDD2D7A2-74B9-4B0A-9319-A1ECEAE6DD9E}"
EndProject
Project("{2150E333-8FDC-42A3-9474-1A3956D46DE8}") = "Library", "Library", "{10F3880D-1E99-460C-9CC6-71793280DEDE}"
EndProject
Project("{2150E333-8FDC-42A3-9474-1A3956D46DE8}") = "TestPrj", "TestPrj", "{5511F92E-B93E-418E-B9F2-3B047EC5BA05}"
EndProject
Project("{2150E333-8FDC-42A3-9474-1A3956D46DE8}") = "Project", "Project", "{64588964-10EB-46E1-8005-6BC49B794F99}"
EndProject
Project("{8BC9CEB8-8B4A-11D0-8D11-00A0C91BC942}") = "MotionTest", "TestPrg\MotionTest\MotionTest.vcxproj", "{9C17DDC6-E36D-4A5E-B430-1558FED6F8C0}"
EndProject
Project("{8BC9CEB8-8B4A-11D0-8D11-00A0C91BC942}") = "UniUntilityTest", "TestPrg\UniUntilityTest\UniUntilityTest.vcxproj", "{A52E65E5-D765-466D-8735-3BFDD761B613}"
EndProject
Project("{8BC9CEB8-8B4A-11D0-8D11-00A0C91BC942}") = "SFW", "Project\SFW\SFW.vcxproj", "{7048E15E-4522-4DF9-825D-BB208073BA7C}"
EndProject
Project("{8BC9CEB8-8B4A-11D0-8D11-00A0C91BC942}") = "IWBFrame", "TestPrg\IWBFrame\IWBFrame.vcxproj", "{9494296E-F588-47EF-B080-239F693BE5EA}"
EndProject
Global
	GlobalSection(SubversionScc) = preSolution
		Svn-Managed = True
		Manager = AnkhSVN - Subversion Support for Visual Studio
	EndGlobalSection
	GlobalSection(SolutionConfigurationPlatforms) = preSolution
		Debug|Win32 = Debug|Win32
		Debug|x64 = Debug|x64
		Release|Win32 = Release|Win32
		Release|x64 = Release|x64
		Template|Win32 = Template|Win32
		Template|x64 = Template|x64
	EndGlobalSection
	GlobalSection(ProjectConfigurationPlatforms) = postSolution
		{1D719976-6E72-4397-9E29-002770AD43A9}.Debug|Win32.ActiveCfg = Debug|Win32
		{1D719976-6E72-4397-9E29-002770AD43A9}.Debug|Win32.Build.0 = Debug|Win32
		{1D719976-6E72-4397-9E29-002770AD43A9}.Debug|x64.ActiveCfg = Debug|x64
		{1D719976-6E72-4397-9E29-002770AD43A9}.Debug|x64.Build.0 = Debug|x64
		{1D719976-6E72-4397-9E29-002770AD43A9}.Release|Win32.ActiveCfg = Release|Win32
		{1D719976-6E72-4397-9E29-002770AD43A9}.Release|Win32.Build.0 = Release|Win32
		{1D719976-6E72-4397-9E29-002770AD43A9}.Release|x64.ActiveCfg = Release|x64
		{1D719976-6E72-4397-9E29-002770AD43A9}.Release|x64.Build.0 = Release|x64
		{1D719976-6E72-4397-9E29-002770AD43A9}.Template|Win32.ActiveCfg = Release|Win32
		{1D719976-6E72-4397-9E29-002770AD43A9}.Template|Win32.Build.0 = Release|Win32
		{1D719976-6E72-4397-9E29-002770AD43A9}.Template|x64.ActiveCfg = Release|x64
		{1D719976-6E72-4397-9E29-002770AD43A9}.Template|x64.Build.0 = Release|x64
		{252EB1D5-B8EA-4259-88FD-EE720FE236BE}.Debug|Win32.ActiveCfg = Debug|Win32
		{252EB1D5-B8EA-4259-88FD-EE720FE236BE}.Debug|Win32.Build.0 = Debug|Win32
		{252EB1D5-B8EA-4259-88FD-EE720FE236BE}.Debug|x64.ActiveCfg = Debug|x64
		{252EB1D5-B8EA-4259-88FD-EE720FE236BE}.Debug|x64.Build.0 = Debug|x64
		{252EB1D5-B8EA-4259-88FD-EE720FE236BE}.Release|Win32.ActiveCfg = Release|Win32
		{252EB1D5-B8EA-4259-88FD-EE720FE236BE}.Release|Win32.Build.0 = Release|Win32
		{252EB1D5-B8EA-4259-88FD-EE720FE236BE}.Release|x64.ActiveCfg = Release|x64
		{252EB1D5-B8EA-4259-88FD-EE720FE236BE}.Release|x64.Build.0 = Release|x64
		{252EB1D5-B8EA-4259-88FD-EE720FE236BE}.Template|Win32.ActiveCfg = Template|Win32
		{252EB1D5-B8EA-4259-88FD-EE720FE236BE}.Template|Win32.Build.0 = Template|Win32
		{252EB1D5-B8EA-4259-88FD-EE720FE236BE}.Template|x64.ActiveCfg = Template|x64
		{252EB1D5-B8EA-4259-88FD-EE720FE236BE}.Template|x64.Build.0 = Template|x64
		{35585369-EF80-4CE7-B67C-91F86BF50FED}.Debug|Win32.ActiveCfg = Debug|Win32
		{35585369-EF80-4CE7-B67C-91F86BF50FED}.Debug|Win32.Build.0 = Debug|Win32
		{35585369-EF80-4CE7-B67C-91F86BF50FED}.Debug|x64.ActiveCfg = Debug|x64
		{35585369-EF80-4CE7-B67C-91F86BF50FED}.Debug|x64.Build.0 = Debug|x64
		{35585369-EF80-4CE7-B67C-91F86BF50FED}.Debug|x64.Deploy.0 = Debug|x64
		{35585369-EF80-4CE7-B67C-91F86BF50FED}.Release|Win32.ActiveCfg = Release|Win32
		{35585369-EF80-4CE7-B67C-91F86BF50FED}.Release|Win32.Build.0 = Release|Win32
		{35585369-EF80-4CE7-B67C-91F86BF50FED}.Release|x64.ActiveCfg = Release|x64
		{35585369-EF80-4CE7-B67C-91F86BF50FED}.Release|x64.Build.0 = Release|x64
		{35585369-EF80-4CE7-B67C-91F86BF50FED}.Template|Win32.ActiveCfg = Release|Win32
		{35585369-EF80-4CE7-B67C-91F86BF50FED}.Template|Win32.Build.0 = Release|Win32
		{35585369-EF80-4CE7-B67C-91F86BF50FED}.Template|x64.ActiveCfg = Release|x64
		{35585369-EF80-4CE7-B67C-91F86BF50FED}.Template|x64.Build.0 = Release|x64
		{969C9429-F9C1-4B20-8C92-9F7FBBD9F730}.Debug|Win32.ActiveCfg = Debug|Win32
		{969C9429-F9C1-4B20-8C92-9F7FBBD9F730}.Debug|Win32.Build.0 = Debug|Win32
		{969C9429-F9C1-4B20-8C92-9F7FBBD9F730}.Debug|x64.ActiveCfg = Debug|x64
		{969C9429-F9C1-4B20-8C92-9F7FBBD9F730}.Debug|x64.Build.0 = Debug|x64
		{969C9429-F9C1-4B20-8C92-9F7FBBD9F730}.Debug|x64.Deploy.0 = Debug|x64
		{969C9429-F9C1-4B20-8C92-9F7FBBD9F730}.Release|Win32.ActiveCfg = Release|Win32
		{969C9429-F9C1-4B20-8C92-9F7FBBD9F730}.Release|Win32.Build.0 = Release|Win32
		{969C9429-F9C1-4B20-8C92-9F7FBBD9F730}.Release|x64.ActiveCfg = Release|x64
		{969C9429-F9C1-4B20-8C92-9F7FBBD9F730}.Release|x64.Build.0 = Release|x64
		{969C9429-F9C1-4B20-8C92-9F7FBBD9F730}.Template|Win32.ActiveCfg = Template|Win32
		{969C9429-F9C1-4B20-8C92-9F7FBBD9F730}.Template|Win32.Build.0 = Template|Win32
		{969C9429-F9C1-4B20-8C92-9F7FBBD9F730}.Template|x64.ActiveCfg = Template|x64
		{969C9429-F9C1-4B20-8C92-9F7FBBD9F730}.Template|x64.Build.0 = Template|x64
		{66C496D6-1BEA-4E0F-8667-8FB2662543EB}.Debug|Win32.ActiveCfg = Debug|Win32
		{66C496D6-1BEA-4E0F-8667-8FB2662543EB}.Debug|Win32.Build.0 = Debug|Win32
		{66C496D6-1BEA-4E0F-8667-8FB2662543EB}.Debug|x64.ActiveCfg = Debug|Win32
		{66C496D6-1BEA-4E0F-8667-8FB2662543EB}.Release|Win32.ActiveCfg = Release|Win32
		{66C496D6-1BEA-4E0F-8667-8FB2662543EB}.Release|Win32.Build.0 = Release|Win32
		{66C496D6-1BEA-4E0F-8667-8FB2662543EB}.Release|x64.ActiveCfg = Release|Win32
		{66C496D6-1BEA-4E0F-8667-8FB2662543EB}.Template|Win32.ActiveCfg = Release|Win32
		{66C496D6-1BEA-4E0F-8667-8FB2662543EB}.Template|Win32.Build.0 = Release|Win32
		{66C496D6-1BEA-4E0F-8667-8FB2662543EB}.Template|x64.ActiveCfg = Release|Win32
		{9C17DDC6-E36D-4A5E-B430-1558FED6F8C0}.Debug|Win32.ActiveCfg = Debug|Win32
		{9C17DDC6-E36D-4A5E-B430-1558FED6F8C0}.Debug|Win32.Build.0 = Debug|Win32
		{9C17DDC6-E36D-4A5E-B430-1558FED6F8C0}.Debug|x64.ActiveCfg = Debug|Win32
		{9C17DDC6-E36D-4A5E-B430-1558FED6F8C0}.Release|Win32.ActiveCfg = Release|Win32
		{9C17DDC6-E36D-4A5E-B430-1558FED6F8C0}.Release|Win32.Build.0 = Release|Win32
		{9C17DDC6-E36D-4A5E-B430-1558FED6F8C0}.Release|x64.ActiveCfg = Release|Win32
		{9C17DDC6-E36D-4A5E-B430-1558FED6F8C0}.Template|Win32.ActiveCfg = Release|Win32
		{9C17DDC6-E36D-4A5E-B430-1558FED6F8C0}.Template|Win32.Build.0 = Release|Win32
		{9C17DDC6-E36D-4A5E-B430-1558FED6F8C0}.Template|x64.ActiveCfg = Release|Win32
		{A52E65E5-D765-466D-8735-3BFDD761B613}.Debug|Win32.ActiveCfg = Debug|Win32
		{A52E65E5-D765-466D-8735-3BFDD761B613}.Debug|Win32.Build.0 = Debug|Win32
		{A52E65E5-D765-466D-8735-3BFDD761B613}.Debug|x64.ActiveCfg = Debug|Win32
		{A52E65E5-D765-466D-8735-3BFDD761B613}.Release|Win32.ActiveCfg = Release|Win32
		{A52E65E5-D765-466D-8735-3BFDD761B613}.Release|Win32.Build.0 = Release|Win32
		{A52E65E5-D765-466D-8735-3BFDD761B613}.Release|x64.ActiveCfg = Release|Win32
		{A52E65E5-D765-466D-8735-3BFDD761B613}.Template|Win32.ActiveCfg = Release|Win32
		{A52E65E5-D765-466D-8735-3BFDD761B613}.Template|Win32.Build.0 = Release|Win32
		{A52E65E5-D765-466D-8735-3BFDD761B613}.Template|x64.ActiveCfg = Release|Win32
		{7048E15E-4522-4DF9-825D-BB208073BA7C}.Debug|Win32.ActiveCfg = Debug|Win32
		{7048E15E-4522-4DF9-825D-BB208073BA7C}.Debug|Win32.Build.0 = Debug|Win32
		{7048E15E-4522-4DF9-825D-BB208073BA7C}.Debug|x64.ActiveCfg = Debug|Win32
		{7048E15E-4522-4DF9-825D-BB208073BA7C}.Release|Win32.ActiveCfg = Release|Win32
		{7048E15E-4522-4DF9-825D-BB208073BA7C}.Release|Win32.Build.0 = Release|Win32
		{7048E15E-4522-4DF9-825D-BB208073BA7C}.Release|x64.ActiveCfg = Release|Win32
		{7048E15E-4522-4DF9-825D-BB208073BA7C}.Template|Win32.ActiveCfg = Release|Win32
		{7048E15E-4522-4DF9-825D-BB208073BA7C}.Template|Win32.Build.0 = Release|Win32
		{7048E15E-4522-4DF9-825D-BB208073BA7C}.Template|x64.ActiveCfg = Release|Win32
		{9494296E-F588-47EF-B080-239F693BE5EA}.Debug|Win32.ActiveCfg = Debug|Win32
		{9494296E-F588-47EF-B080-239F693BE5EA}.Debug|Win32.Build.0 = Debug|Win32
		{9494296E-F588-47EF-B080-239F693BE5EA}.Debug|x64.ActiveCfg = Debug|Win32
		{9494296E-F588-47EF-B080-239F693BE5EA}.Release|Win32.ActiveCfg = Release|Win32
		{9494296E-F588-47EF-B080-239F693BE5EA}.Release|Win32.Build.0 = Release|Win32
		{9494296E-F588-47EF-B080-239F693BE5EA}.Release|x64.ActiveCfg = Release|Win32
		{9494296E-F588-47EF-B080-239F693BE5EA}.Template|Win32.ActiveCfg = Release|Win32
		{9494296E-F588-47EF-B080-239F693BE5EA}.Template|Win32.Build.0 = Release|Win32
		{9494296E-F588-47EF-B080-239F693BE5EA}.Template|x64.ActiveCfg = Release|Win32
	EndGlobalSection
	GlobalSection(SolutionProperties) = preSolution
		HideSolutionNode = FALSE
	EndGlobalSection
	GlobalSection(NestedProjects) = preSolution
		{1D719976-6E72-4397-9E29-002770AD43A9} = {64588964-10EB-46E1-8005-6BC49B794F99}
		{252EB1D5-B8EA-4259-88FD-EE720FE236BE} = {10F3880D-1E99-460C-9CC6-71793280DEDE}
		{35585369-EF80-4CE7-B67C-91F86BF50FED} = {10F3880D-1E99-460C-9CC6-71793280DEDE}
		{969C9429-F9C1-4B20-8C92-9F7FBBD9F730} = {5511F92E-B93E-418E-B9F2-3B047EC5BA05}
		{66C496D6-1BEA-4E0F-8667-8FB2662543EB} = {FDD2D7A2-74B9-4B0A-9319-A1ECEAE6DD9E}
		{9C17DDC6-E36D-4A5E-B430-1558FED6F8C0} = {5511F92E-B93E-418E-B9F2-3B047EC5BA05}
		{A52E65E5-D765-466D-8735-3BFDD761B613} = {5511F92E-B93E-418E-B9F2-3B047EC5BA05}
		{7048E15E-4522-4DF9-825D-BB208073BA7C} = {64588964-10EB-46E1-8005-6BC49B794F99}
		{9494296E-F588-47EF-B080-239F693BE5EA} = {5511F92E-B93E-418E-B9F2-3B047EC5BA05}
	EndGlobalSection
EndGlobal
