<?xml version="1.0" encoding="utf-8"?>
<Project ToolsVersion="4.0" xmlns="http://schemas.microsoft.com/developer/msbuild/2003">
  <ItemGroup>
    <Filter Include="소스 파일">
      <UniqueIdentifier>{4FC737F1-C7A5-4376-A066-2A32D752A2FF}</UniqueIdentifier>
      <Extensions>cpp;c;cc;cxx;def;odl;idl;hpj;bat;asm;asmx</Extensions>
    </Filter>
    <Filter Include="헤더 파일">
      <UniqueIdentifier>{93995380-89BD-4b04-88EB-625FBE52EBFB}</UniqueIdentifier>
      <Extensions>h;hh;hpp;hxx;hm;inl;inc;xsd</Extensions>
    </Filter>
    <Filter Include="리소스 파일">
      <UniqueIdentifier>{67DA6AB6-F800-4c08-8B7A-83BB121AAD01}</UniqueIdentifier>
      <Extensions>rc;ico;cur;bmp;dlg;rc2;rct;bin;rgs;gif;jpg;jpeg;jpe;resx;tiff;tif;png;wav;mfcribbon-ms</Extensions>
    </Filter>
  </ItemGroup>
  <ItemGroup>
    <Text Include="ReadMe.txt" />
  </ItemGroup>
  <ItemGroup>
    <ClInclude Include="AVMDMonitor.h">
      <Filter>헤더 파일</Filter>
    </ClInclude>
    <ClInclude Include="stdafx.h">
      <Filter>헤더 파일</Filter>
    </ClInclude>
    <ClInclude Include="targetver.h">
      <Filter>헤더 파일</Filter>
    </ClInclude>
    <ClInclude Include="MainFrm.h">
      <Filter>헤더 파일</Filter>
    </ClInclude>
    <ClInclude Include="AVMDMonitorDoc.h">
      <Filter>헤더 파일</Filter>
    </ClInclude>
    <ClInclude Include="AVMDMonitorView.h">
      <Filter>헤더 파일</Filter>
    </ClInclude>
    <ClInclude Include="Resource.h">
      <Filter>헤더 파일</Filter>
    </ClInclude>
    <ClInclude Include="AVMDDisplayDlg.h">
      <Filter>헤더 파일</Filter>
    </ClInclude>
    <ClInclude Include="DrawingHelper.h">
      <Filter>헤더 파일</Filter>
    </ClInclude>
    <ClInclude Include="Status.h">
      <Filter>헤더 파일</Filter>
    </ClInclude>
    <ClInclude Include="AVMDDefine.h">
      <Filter>헤더 파일</Filter>
    </ClInclude>
    <ClInclude Include="AVMDTimeDlg.h">
      <Filter>헤더 파일</Filter>
    </ClInclude>
    <ClInclude Include="AVMDGraphDlg.h">
      <Filter>헤더 파일</Filter>
    </ClInclude>
    <ClInclude Include="AVMDFFTGraphDlg.h">
      <Filter>헤더 파일</Filter>
    </ClInclude>
    <ClInclude Include="Repository.h">
      <Filter>헤더 파일</Filter>
    </ClInclude>
    <ClInclude Include="ComSetDlg.h">
      <Filter>헤더 파일</Filter>
    </ClInclude>
    <ClInclude Include="listports.h">
      <Filter>헤더 파일</Filter>
    </ClInclude>
    <ClInclude Include="AVMDScrollDlg.h">
      <Filter>헤더 파일</Filter>
    </ClInclude>
    <ClInclude Include="AVMDReview.h">
      <Filter>헤더 파일</Filter>
    </ClInclude>
    <ClInclude Include="StationInformationDlg.h">
      <Filter>헤더 파일</Filter>
    </ClInclude>
    <ClInclude Include="SetFilterDlg.h">
      <Filter>헤더 파일</Filter>
    </ClInclude>
    <ClInclude Include="SetTimeDomainFormatDlg.h">
      <Filter>헤더 파일</Filter>
    </ClInclude>
    <ClInclude Include="AnnotateMarkDlg.h">
      <Filter>헤더 파일</Filter>
    </ClInclude>
    <ClInclude Include="EnvSettingDlg.h">
      <Filter>헤더 파일</Filter>
    </ClInclude>
    <ClInclude Include="MarkEditDlg.h">
      <Filter>헤더 파일</Filter>
    </ClInclude>
    <ClInclude Include="LedONOFF.h">
      <Filter>헤더 파일</Filter>
    </ClInclude>
    <ClInclude Include="AVMDViewDlg.h">
      <Filter>헤더 파일</Filter>
    </ClInclude>
    <ClInclude Include="SetEventSettingDlg.h">
      <Filter>헤더 파일</Filter>
    </ClInclude>
    <ClInclude Include="XLAutomation.h">
      <Filter>헤더 파일</Filter>
    </ClInclude>
    <ClInclude Include="XLEzAutomation.h">
      <Filter>헤더 파일</Filter>
    </ClInclude>
    <ClInclude Include="TempDlg.h">
      <Filter>헤더 파일</Filter>
    </ClInclude>
    <ClInclude Include="PartialSaveDlg.h">
      <Filter>헤더 파일</Filter>
    </ClInclude>
    <ClInclude Include="ProgressBarDlg.h">
      <Filter>헤더 파일</Filter>
    </ClInclude>
    <ClInclude Include="FilterIIR.h">
      <Filter>헤더 파일</Filter>
    </ClInclude>
  </ItemGroup>
  <ItemGroup>
    <ClCompile Include="AVMDMonitor.cpp">
      <Filter>소스 파일</Filter>
    </ClCompile>
    <ClCompile Include="stdafx.cpp">
      <Filter>소스 파일</Filter>
    </ClCompile>
    <ClCompile Include="MainFrm.cpp">
      <Filter>소스 파일</Filter>
    </ClCompile>
    <ClCompile Include="AVMDMonitorDoc.cpp">
      <Filter>소스 파일</Filter>
    </ClCompile>
    <ClCompile Include="AVMDMonitorView.cpp">
      <Filter>소스 파일</Filter>
    </ClCompile>
    <ClCompile Include="AVMDDisplayDlg.cpp">
      <Filter>소스 파일</Filter>
    </ClCompile>
    <ClCompile Include="DrawingHelper.cpp">
      <Filter>소스 파일</Filter>
    </ClCompile>
    <ClCompile Include="Status.cpp">
      <Filter>소스 파일</Filter>
    </ClCompile>
    <ClCompile Include="AVMDTimeDlg.cpp">
      <Filter>소스 파일</Filter>
    </ClCompile>
    <ClCompile Include="AVMDGraphDlg.cpp">
      <Filter>소스 파일</Filter>
    </ClCompile>
    <ClCompile Include="AVMDFFTGraphDlg.cpp">
      <Filter>소스 파일</Filter>
    </ClCompile>
    <ClCompile Include="Repository.cpp">
      <Filter>소스 파일</Filter>
    </ClCompile>
    <ClCompile Include="ComSetDlg.cpp">
      <Filter>소스 파일</Filter>
    </ClCompile>
    <ClCompile Include="listports.cpp">
      <Filter>소스 파일</Filter>
    </ClCompile>
    <ClCompile Include="AVMDScrollDlg.cpp">
      <Filter>소스 파일</Filter>
    </ClCompile>
    <ClCompile Include="AVMDReview.cpp">
      <Filter>소스 파일</Filter>
    </ClCompile>
    <ClCompile Include="StationInformationDlg.cpp">
      <Filter>소스 파일</Filter>
    </ClCompile>
    <ClCompile Include="SetFilterDlg.cpp">
      <Filter>소스 파일</Filter>
    </ClCompile>
    <ClCompile Include="SetTimeDomainFormatDlg.cpp">
      <Filter>소스 파일</Filter>
    </ClCompile>
    <ClCompile Include="AnnotateMarkDlg.cpp">
      <Filter>소스 파일</Filter>
    </ClCompile>
    <ClCompile Include="EnvSettingDlg.cpp">
      <Filter>소스 파일</Filter>
    </ClCompile>
    <ClCompile Include="MarkEditDlg.cpp">
      <Filter>소스 파일</Filter>
    </ClCompile>
    <ClCompile Include="LedONOFF.cpp">
      <Filter>소스 파일</Filter>
    </ClCompile>
    <ClCompile Include="AVMDViewDlg.cpp">
      <Filter>소스 파일</Filter>
    </ClCompile>
    <ClCompile Include="SetEventSettingDlg.cpp">
      <Filter>소스 파일</Filter>
    </ClCompile>
    <ClCompile Include="XLAutomation.cpp">
      <Filter>소스 파일</Filter>
    </ClCompile>
    <ClCompile Include="XLEzAutomation.cpp">
      <Filter>소스 파일</Filter>
    </ClCompile>
    <ClCompile Include="TempDlg.cpp">
      <Filter>소스 파일</Filter>
    </ClCompile>
    <ClCompile Include="PartialSaveDlg.cpp">
      <Filter>소스 파일</Filter>
    </ClCompile>
    <ClCompile Include="ProgressBarDlg.cpp">
      <Filter>소스 파일</Filter>
    </ClCompile>
    <ClCompile Include="FilterIIR.cpp">
      <Filter>소스 파일</Filter>
    </ClCompile>
  </ItemGroup>
  <ItemGroup>
    <ResourceCompile Include="AVMDMonitor.rc">
      <Filter>리소스 파일</Filter>
    </ResourceCompile>
  </ItemGroup>
  <ItemGroup>
    <None Include="res\AVMDMonitor.rc2">
      <Filter>리소스 파일</Filter>
    </None>
    <None Include="ClassDiagram.cd" />
  </ItemGroup>
  <ItemGroup>
    <Image Include="res\AVMDMonitorDoc.ico">
      <Filter>리소스 파일</Filter>
    </Image>
    <Image Include="res\AVMDMonitor.ico">
      <Filter>리소스 파일</Filter>
    </Image>
    <Image Include="res\Toolbar.bmp">
      <Filter>리소스 파일</Filter>
    </Image>
    <Image Include="res\SesoMark.bmp">
      <Filter>리소스 파일</Filter>
    </Image>
    <Image Include="..\..\icon\Backplay.ico">
      <Filter>리소스 파일</Filter>
    </Image>
    <Image Include="res\icon2.ico">
      <Filter>리소스 파일</Filter>
    </Image>
    <Image Include="..\..\icon\End.ico">
      <Filter>리소스 파일</Filter>
    </Image>
    <Image Include="C:\Users\김용재\Downloads\1490090654_icons_next.ico">
      <Filter>리소스 파일</Filter>
    </Image>
    <Image Include="..\..\icon\Play.ico">
      <Filter>리소스 파일</Filter>
    </Image>
    <Image Include="res\bitmap1.bmp">
      <Filter>리소스 파일</Filter>
    </Image>
    <Image Include="res\icon_pla.ico">
      <Filter>리소스 파일</Filter>
    </Image>
    <Image Include="res\icon3.ico">
      <Filter>리소스 파일</Filter>
    </Image>
    <Image Include="..\..\icon\Stop.ico">
      <Filter>리소스 파일</Filter>
    </Image>
    <Image Include="..\..\icon\1490096604_controls_play_back.ico">
      <Filter>리소스 파일</Filter>
    </Image>
    <Image Include="..\..\icon\1490097268_black_4_audio_play.ico">
      <Filter>리소스 파일</Filter>
    </Image>
    <Image Include="..\..\icon\1490097508_icon-ios7-rewind.ico">
      <Filter>리소스 파일</Filter>
    </Image>
    <Image Include="..\..\icon\1490097513_icon-ios7-fastforward.ico">
      <Filter>리소스 파일</Filter>
    </Image>
    <Image Include="..\..\icon\1490107423_media-pause.ico">
      <Filter>리소스 파일</Filter>
    </Image>
    <Image Include="res\1490096604_controls_play_back.ico">
      <Filter>리소스 파일</Filter>
    </Image>
    <Image Include="res\1490097268_black_4_audio_play.ico">
      <Filter>리소스 파일</Filter>
    </Image>
    <Image Include="res\1490097508_icon-ios7-rewind.ico">
      <Filter>리소스 파일</Filter>
    </Image>
    <Image Include="res\1490097513_icon-ios7-fastforward.ico">
      <Filter>리소스 파일</Filter>
    </Image>
    <Image Include="res\1490107423_media-pause.ico">
      <Filter>리소스 파일</Filter>
    </Image>
  </ItemGroup>
</Project>