<?xml version="1.0" encoding="utf-8"?>
<Project ToolsVersion="4.0" xmlns="http://schemas.microsoft.com/developer/msbuild/2003">
  <ItemGroup>
    <ClCompile Include="AlgoDialog.cpp">
      <Filter>소스 파일</Filter>
    </ClCompile>
    <ClCompile Include="AlgorithmBase.cpp">
      <Filter>소스 파일</Filter>
    </ClCompile>
    <ClCompile Include="Broadcaster.cpp">
      <Filter>소스 파일</Filter>
    </ClCompile>
    <ClCompile Include="CamDlg.cpp">
      <Filter>소스 파일</Filter>
    </ClCompile>
    <ClCompile Include="CamPart.cpp">
      <Filter>소스 파일</Filter>
    </ClCompile>
    <ClCompile Include="Compo.cpp">
      <Filter>소스 파일</Filter>
    </ClCompile>
    <ClCompile Include="CompoTracker.cpp">
      <Filter>소스 파일</Filter>
    </ClCompile>
    <ClCompile Include="ComSetDlg.cpp">
      <Filter>소스 파일</Filter>
    </ClCompile>
    <ClCompile Include="DetailInfoDlg.cpp">
      <Filter>소스 파일</Filter>
    </ClCompile>
    <ClCompile Include="DetailPropDlg.cpp">
      <Filter>소스 파일</Filter>
    </ClCompile>
    <ClCompile Include="EnvSettingDlg.cpp">
      <Filter>소스 파일</Filter>
    </ClCompile>
    <ClCompile Include="Frame.cpp">
      <Filter>소스 파일</Filter>
    </ClCompile>
    <ClCompile Include="GraphDlg.cpp">
      <Filter>소스 파일</Filter>
    </ClCompile>
    <ClCompile Include="Inspection.cpp">
      <Filter>소스 파일</Filter>
    </ClCompile>
    <ClCompile Include="LineEquation.cpp">
      <Filter>소스 파일</Filter>
    </ClCompile>
    <ClCompile Include="listports.cpp">
      <Filter>소스 파일</Filter>
    </ClCompile>
    <ClCompile Include="MainFrm.cpp">
      <Filter>소스 파일</Filter>
    </ClCompile>
    <ClCompile Include="MessageWnd.cpp">
      <Filter>소스 파일</Filter>
    </ClCompile>
    <ClCompile Include="ModelBase.cpp">
      <Filter>소스 파일</Filter>
    </ClCompile>
    <ClCompile Include="ModelData.cpp">
      <Filter>소스 파일</Filter>
    </ClCompile>
    <ClCompile Include="ModelFile.cpp">
      <Filter>소스 파일</Filter>
    </ClCompile>
    <ClCompile Include="Module.cpp">
      <Filter>소스 파일</Filter>
    </ClCompile>
    <ClCompile Include="Monitoring.cpp">
      <Filter>소스 파일</Filter>
    </ClCompile>
    <ClCompile Include="NumEdit.cpp">
      <Filter>소스 파일</Filter>
    </ClCompile>
    <ClCompile Include="Observer.cpp">
      <Filter>소스 파일</Filter>
    </ClCompile>
    <ClCompile Include="OpenModelDataDlg.cpp">
      <Filter>소스 파일</Filter>
    </ClCompile>
    <ClCompile Include="OpPanelDlg.cpp">
      <Filter>소스 파일</Filter>
    </ClCompile>
    <ClCompile Include="ParamsInterface.cpp">
      <Filter>소스 파일</Filter>
    </ClCompile>
    <ClCompile Include="PartBase.cpp">
      <Filter>소스 파일</Filter>
    </ClCompile>
    <ClCompile Include="RenameModelDataDlg.cpp">
      <Filter>소스 파일</Filter>
    </ClCompile>
    <ClCompile Include="Repository.cpp">
      <Filter>소스 파일</Filter>
    </ClCompile>
    <ClCompile Include="SaveModelDataDlg.cpp">
      <Filter>소스 파일</Filter>
    </ClCompile>
    <ClCompile Include="SCAlgoBase.cpp">
      <Filter>소스 파일</Filter>
    </ClCompile>
    <ClCompile Include="SCAlgoDialog.cpp">
      <Filter>소스 파일</Filter>
    </ClCompile>
    <ClCompile Include="SCAlignAlgo.cpp">
      <Filter>소스 파일</Filter>
    </ClCompile>
    <ClCompile Include="SCAlignParamDlg.cpp">
      <Filter>소스 파일</Filter>
    </ClCompile>
    <ClCompile Include="SCButton.cpp">
      <Filter>소스 파일</Filter>
    </ClCompile>
    <ClCompile Include="SCClientSocket.cpp">
      <Filter>소스 파일</Filter>
    </ClCompile>
    <ClCompile Include="SCFidAlgo.cpp">
      <Filter>소스 파일</Filter>
    </ClCompile>
    <ClCompile Include="SCFidParamDlg.cpp">
      <Filter>소스 파일</Filter>
    </ClCompile>
    <ClCompile Include="SCGapGageAlgo.cpp">
      <Filter>소스 파일</Filter>
    </ClCompile>
    <ClCompile Include="SCGapGageParamDlg.cpp">
      <Filter>소스 파일</Filter>
    </ClCompile>
    <ClCompile Include="SCGroupBox.cpp">
      <Filter>소스 파일</Filter>
    </ClCompile>
    <ClCompile Include="SCHEdgeDetAlgo.cpp">
      <Filter>소스 파일</Filter>
    </ClCompile>
    <ClCompile Include="SCHEdgeDetParamDlg.cpp">
      <Filter>소스 파일</Filter>
    </ClCompile>
    <ClCompile Include="SCHeightAlgo.cpp">
      <Filter>소스 파일</Filter>
    </ClCompile>
    <ClCompile Include="SCHeightParamDlg.cpp">
      <Filter>소스 파일</Filter>
    </ClCompile>
    <ClCompile Include="SCListenSocket.cpp">
      <Filter>소스 파일</Filter>
    </ClCompile>
    <ClCompile Include="SCProcessCtrl.cpp">
      <Filter>소스 파일</Filter>
    </ClCompile>
    <ClCompile Include="SCResult.cpp">
      <Filter>소스 파일</Filter>
    </ClCompile>
    <ClCompile Include="SCSockThread.cpp">
      <Filter>소스 파일</Filter>
    </ClCompile>
    <ClCompile Include="Status.cpp">
      <Filter>소스 파일</Filter>
    </ClCompile>
    <ClCompile Include="StatusPanelDlg.cpp">
      <Filter>소스 파일</Filter>
    </ClCompile>
    <ClCompile Include="stdafx.cpp">
      <Filter>소스 파일</Filter>
    </ClCompile>
    <ClCompile Include="TabDetailLogDlg.cpp">
      <Filter>소스 파일</Filter>
    </ClCompile>
    <ClCompile Include="TabDetailResultDlg.cpp">
      <Filter>소스 파일</Filter>
    </ClCompile>
    <ClCompile Include="TeachingDlg.cpp">
      <Filter>소스 파일</Filter>
    </ClCompile>
    <ClCompile Include="PlotLiveChart.cpp">
      <Filter>소스 파일</Filter>
    </ClCompile>
    <ClCompile Include="HistoLevellingDlg.cpp">
      <Filter>소스 파일</Filter>
    </ClCompile>
    <ClCompile Include="HistoHandle.cpp">
      <Filter>소스 파일</Filter>
    </ClCompile>
    <ClCompile Include="ToolPanelDlg.cpp">
      <Filter>소스 파일</Filter>
    </ClCompile>
    <ClCompile Include="XNPI.cpp">
      <Filter>소스 파일</Filter>
    </ClCompile>
    <ClCompile Include="XNPIDoc.cpp">
      <Filter>소스 파일</Filter>
    </ClCompile>
    <ClCompile Include="XNPIView.cpp">
      <Filter>소스 파일</Filter>
    </ClCompile>
    <ClCompile Include="SnapshotDlg.cpp">
      <Filter>소스 파일</Filter>
    </ClCompile>
    <ClCompile Include="TiffTagManager.cpp">
      <Filter>소스 파일</Filter>
    </ClCompile>
    <ClCompile Include="SplashScreenEx.cpp">
      <Filter>소스 파일</Filter>
    </ClCompile>
    <ClCompile Include="ConnectSocket.cpp">
      <Filter>소스 파일</Filter>
    </ClCompile>
    <ClCompile Include="Modbus.cpp">
      <Filter>소스 파일</Filter>
    </ClCompile>
    <ClCompile Include="ModBusClient.cpp">
      <Filter>소스 파일</Filter>
    </ClCompile>
    <ClCompile Include="ModbusManager.cpp">
      <Filter>소스 파일</Filter>
    </ClCompile>
  </ItemGroup>
  <ItemGroup>
    <ClInclude Include="AlgoDialog.h">
      <Filter>헤더 파일</Filter>
    </ClInclude>
    <ClInclude Include="AlgorithmBase.h">
      <Filter>헤더 파일</Filter>
    </ClInclude>
    <ClInclude Include="Broadcaster.h">
      <Filter>헤더 파일</Filter>
    </ClInclude>
    <ClInclude Include="CamDlg.h">
      <Filter>헤더 파일</Filter>
    </ClInclude>
    <ClInclude Include="CamPart.h">
      <Filter>헤더 파일</Filter>
    </ClInclude>
    <ClInclude Include="Compo.h">
      <Filter>헤더 파일</Filter>
    </ClInclude>
    <ClInclude Include="CompoTracker.h">
      <Filter>헤더 파일</Filter>
    </ClInclude>
    <ClInclude Include="ComSetDlg.h">
      <Filter>헤더 파일</Filter>
    </ClInclude>
    <ClInclude Include="Defines.h">
      <Filter>헤더 파일</Filter>
    </ClInclude>
    <ClInclude Include="DetailInfoDlg.h">
      <Filter>헤더 파일</Filter>
    </ClInclude>
    <ClInclude Include="DetailPropDlg.h">
      <Filter>헤더 파일</Filter>
    </ClInclude>
    <ClInclude Include="EnvSettingDlg.h">
      <Filter>헤더 파일</Filter>
    </ClInclude>
    <ClInclude Include="Frame.h">
      <Filter>헤더 파일</Filter>
    </ClInclude>
    <ClInclude Include="GraphDlg.h">
      <Filter>헤더 파일</Filter>
    </ClInclude>
    <ClInclude Include="Inspection.h">
      <Filter>헤더 파일</Filter>
    </ClInclude>
    <ClInclude Include="LineEquation.h">
      <Filter>헤더 파일</Filter>
    </ClInclude>
    <ClInclude Include="listports.h">
      <Filter>헤더 파일</Filter>
    </ClInclude>
    <ClInclude Include="MainFrm.h">
      <Filter>헤더 파일</Filter>
    </ClInclude>
    <ClInclude Include="MessageWnd.h">
      <Filter>헤더 파일</Filter>
    </ClInclude>
    <ClInclude Include="ModelBase.h">
      <Filter>헤더 파일</Filter>
    </ClInclude>
    <ClInclude Include="ModelData.h">
      <Filter>헤더 파일</Filter>
    </ClInclude>
    <ClInclude Include="ModelFile.h">
      <Filter>헤더 파일</Filter>
    </ClInclude>
    <ClInclude Include="Module.h">
      <Filter>헤더 파일</Filter>
    </ClInclude>
    <ClInclude Include="Monitoring.h">
      <Filter>헤더 파일</Filter>
    </ClInclude>
    <ClInclude Include="NumEdit.h">
      <Filter>헤더 파일</Filter>
    </ClInclude>
    <ClInclude Include="Observer.h">
      <Filter>헤더 파일</Filter>
    </ClInclude>
    <ClInclude Include="OpenModelDataDlg.h">
      <Filter>헤더 파일</Filter>
    </ClInclude>
    <ClInclude Include="OpPanelDlg.h">
      <Filter>헤더 파일</Filter>
    </ClInclude>
    <ClInclude Include="ParamsInterface.h">
      <Filter>헤더 파일</Filter>
    </ClInclude>
    <ClInclude Include="PartBase.h">
      <Filter>헤더 파일</Filter>
    </ClInclude>
    <ClInclude Include="RenameModelDataDlg.h">
      <Filter>헤더 파일</Filter>
    </ClInclude>
    <ClInclude Include="Repository.h">
      <Filter>헤더 파일</Filter>
    </ClInclude>
    <ClInclude Include="Resource.h">
      <Filter>헤더 파일</Filter>
    </ClInclude>
    <ClInclude Include="SaveModelDataDlg.h">
      <Filter>헤더 파일</Filter>
    </ClInclude>
    <ClInclude Include="SCAlgoBase.h">
      <Filter>헤더 파일</Filter>
    </ClInclude>
    <ClInclude Include="SCAlgoDialog.h">
      <Filter>헤더 파일</Filter>
    </ClInclude>
    <ClInclude Include="SCAlignAlgo.h">
      <Filter>헤더 파일</Filter>
    </ClInclude>
    <ClInclude Include="SCAlignParamDlg.h">
      <Filter>헤더 파일</Filter>
    </ClInclude>
    <ClInclude Include="SCButton.h">
      <Filter>헤더 파일</Filter>
    </ClInclude>
    <ClInclude Include="SCClientSocket.h">
      <Filter>헤더 파일</Filter>
    </ClInclude>
    <ClInclude Include="SCFidAlgo.h">
      <Filter>헤더 파일</Filter>
    </ClInclude>
    <ClInclude Include="SCFidParamDlg.h">
      <Filter>헤더 파일</Filter>
    </ClInclude>
    <ClInclude Include="SCGapGageAlgo.h">
      <Filter>헤더 파일</Filter>
    </ClInclude>
    <ClInclude Include="SCGapGageParamDlg.h">
      <Filter>헤더 파일</Filter>
    </ClInclude>
    <ClInclude Include="SCGroupBox.h">
      <Filter>헤더 파일</Filter>
    </ClInclude>
    <ClInclude Include="SCHEdgeDetAlgo.h">
      <Filter>헤더 파일</Filter>
    </ClInclude>
    <ClInclude Include="SCHEdgeDetParamDlg.h">
      <Filter>헤더 파일</Filter>
    </ClInclude>
    <ClInclude Include="SCHeightAlgo.h">
      <Filter>헤더 파일</Filter>
    </ClInclude>
    <ClInclude Include="SCHeightParamDlg.h">
      <Filter>헤더 파일</Filter>
    </ClInclude>
    <ClInclude Include="SCListenSocket.h">
      <Filter>헤더 파일</Filter>
    </ClInclude>
    <ClInclude Include="SCProcessCtrl.h">
      <Filter>헤더 파일</Filter>
    </ClInclude>
    <ClInclude Include="SCResult.h">
      <Filter>헤더 파일</Filter>
    </ClInclude>
    <ClInclude Include="SCSockThread.h">
      <Filter>헤더 파일</Filter>
    </ClInclude>
    <ClInclude Include="Status.h">
      <Filter>헤더 파일</Filter>
    </ClInclude>
    <ClInclude Include="StatusPanelDlg.h">
      <Filter>헤더 파일</Filter>
    </ClInclude>
    <ClInclude Include="stdafx.h">
      <Filter>헤더 파일</Filter>
    </ClInclude>
    <ClInclude Include="TabDetailLogDlg.h">
      <Filter>헤더 파일</Filter>
    </ClInclude>
    <ClInclude Include="TabDetailResultDlg.h">
      <Filter>헤더 파일</Filter>
    </ClInclude>
    <ClInclude Include="targetver.h">
      <Filter>헤더 파일</Filter>
    </ClInclude>
    <ClInclude Include="TeachingDlg.h">
      <Filter>헤더 파일</Filter>
    </ClInclude>
    <ClInclude Include="ModBusClient.h">
      <Filter>헤더 파일</Filter>
    </ClInclude>
    <ClInclude Include="PlotLiveChart.h">
      <Filter>헤더 파일</Filter>
    </ClInclude>
    <ClInclude Include="HistoLevellingDlg.h">
      <Filter>헤더 파일</Filter>
    </ClInclude>
    <ClInclude Include="HistoHandle.h">
      <Filter>헤더 파일</Filter>
    </ClInclude>
    <ClInclude Include="ToolPanelDlg.h">
      <Filter>헤더 파일</Filter>
    </ClInclude>
    <ClInclude Include="XNPI.h">
      <Filter>헤더 파일</Filter>
    </ClInclude>
    <ClInclude Include="XNPIDoc.h">
      <Filter>헤더 파일</Filter>
    </ClInclude>
    <ClInclude Include="XNPIView.h">
      <Filter>헤더 파일</Filter>
    </ClInclude>
    <ClInclude Include="SnapshotDlg.h">
      <Filter>헤더 파일</Filter>
    </ClInclude>
    <ClInclude Include="TiffTagManager.h">
      <Filter>헤더 파일</Filter>
    </ClInclude>
    <ClInclude Include="SplashScreenEx.h">
      <Filter>헤더 파일</Filter>
    </ClInclude>
    <ClInclude Include="ConnectSocket.h">
      <Filter>헤더 파일</Filter>
    </ClInclude>
    <ClInclude Include="ModbusManager.h">
      <Filter>헤더 파일</Filter>
    </ClInclude>
    <ClInclude Include="Modbus.h">
      <Filter>헤더 파일</Filter>
    </ClInclude>
  </ItemGroup>
  <ItemGroup>
    <Image Include="res\bitmain.bmp">
      <Filter>리소스파일</Filter>
    </Image>
    <Image Include="res\greenButton.bmp">
      <Filter>리소스파일</Filter>
    </Image>
    <Image Include="res\icon1.ico">
      <Filter>리소스파일</Filter>
    </Image>
    <Image Include="res\LedOff.ico">
      <Filter>리소스파일</Filter>
    </Image>
    <Image Include="res\LedOn.ico">
      <Filter>리소스파일</Filter>
    </Image>
    <Image Include="res\Documents.ico">
      <Filter>리소스파일</Filter>
    </Image>
    <Image Include="res\Toolbar.bmp">
      <Filter>리소스파일</Filter>
    </Image>
    <Image Include="res\XFMS.ico">
      <Filter>리소스파일</Filter>
    </Image>
    <Image Include="res\XFMSDoc.ico">
      <Filter>리소스파일</Filter>
    </Image>
    <Image Include="res\XNPI.ico">
      <Filter>리소스파일</Filter>
    </Image>
    <Image Include="res\XNPIDoc.ico">
      <Filter>리소스파일</Filter>
    </Image>
    <Image Include="res\LodingLogo.bmp">
      <Filter>리소스파일</Filter>
    </Image>
  </ItemGroup>
  <ItemGroup>
    <Text Include="ReadMe.txt" />
  </ItemGroup>
  <ItemGroup>
    <Filter Include="리소스파일">
      <UniqueIdentifier>{db4ea2a8-4754-4233-b3b8-45773c762b20}</UniqueIdentifier>
      <Extensions>rc;ico;cur;bmp;dlg;rc2;rct;bin;rgs;gif;jpg;jpeg;jpe;resx;tiff;tif;png;wav;mfcribbon-ms</Extensions>
    </Filter>
    <Filter Include="소스 파일">
      <UniqueIdentifier>{55d42229-d776-4694-bf40-2ee9fb21e2d8}</UniqueIdentifier>
      <Extensions>cpp;c;cc;cxx;def;odl;idl;hpj;bat;asm;asmx</Extensions>
    </Filter>
    <Filter Include="헤더 파일">
      <UniqueIdentifier>{33348e6c-e17d-43e7-8ee5-afd11e52e7b2}</UniqueIdentifier>
      <Extensions>h;hh;hpp;hxx;hm;inl;inc;xsd</Extensions>
    </Filter>
  </ItemGroup>
  <ItemGroup>
    <ResourceCompile Include="XNPI.rc">
      <Filter>리소스파일</Filter>
    </ResourceCompile>
  </ItemGroup>
  <ItemGroup>
    <None Include="res\XNPI.rc2">
      <Filter>리소스파일</Filter>
    </None>
  </ItemGroup>
</Project>