<?xml version="1.0" encoding="utf-8"?>
<Project ToolsVersion="4.0" xmlns="http://schemas.microsoft.com/developer/msbuild/2003">
  <ItemGroup>
    <Filter Include="소스 파일">
      <UniqueIdentifier>{4FC737F1-C7A5-4376-A066-2A32D752A2FF}</UniqueIdentifier>
      <Extensions>cpp;c;cc;cxx;def;odl;idl;hpj;bat;asm;asmx</Extensions>
    </Filter>
    <Filter Include="헤더 파일">
      <UniqueIdentifier>{93995380-89BD-4b04-88EB-625FBE52EBFB}</UniqueIdentifier>
      <Extensions>h;hh;hpp;hxx;hm;inl;inc;xsd</Extensions>
    </Filter>
    <Filter Include="리소스 파일">
      <UniqueIdentifier>{67DA6AB6-F800-4c08-8B7A-83BB121AAD01}</UniqueIdentifier>
      <Extensions>rc;ico;cur;bmp;dlg;rc2;rct;bin;rgs;gif;jpg;jpeg;jpe;resx;tiff;tif;png;wav;mfcribbon-ms</Extensions>
    </Filter>
  </ItemGroup>
  <ItemGroup>
    <Text Include="ReadMe.txt" />
  </ItemGroup>
  <ItemGroup>
    <ClInclude Include="CGInspector.h">
      <Filter>헤더 파일</Filter>
    </ClInclude>
    <ClInclude Include="stdafx.h">
      <Filter>헤더 파일</Filter>
    </ClInclude>
    <ClInclude Include="targetver.h">
      <Filter>헤더 파일</Filter>
    </ClInclude>
    <ClInclude Include="MainFrm.h">
      <Filter>헤더 파일</Filter>
    </ClInclude>
    <ClInclude Include="CGInspectorDoc.h">
      <Filter>헤더 파일</Filter>
    </ClInclude>
    <ClInclude Include="CGInspectorView.h">
      <Filter>헤더 파일</Filter>
    </ClInclude>
    <ClInclude Include="Resource.h">
      <Filter>헤더 파일</Filter>
    </ClInclude>
    <ClInclude Include="CtrlPanelDlg.h">
      <Filter>헤더 파일</Filter>
    </ClInclude>
    <ClInclude Include="ViewDlg.h">
      <Filter>헤더 파일</Filter>
    </ClInclude>
    <ClInclude Include="DetailInfoDlg.h">
      <Filter>헤더 파일</Filter>
    </ClInclude>
    <ClInclude Include="DetailPropDlg.h">
      <Filter>헤더 파일</Filter>
    </ClInclude>
    <ClInclude Include="TabDetailLogDlg.h">
      <Filter>헤더 파일</Filter>
    </ClInclude>
    <ClInclude Include="TabDetailResultDlg.h">
      <Filter>헤더 파일</Filter>
    </ClInclude>
    <ClInclude Include="StatusPanelDlg.h">
      <Filter>헤더 파일</Filter>
    </ClInclude>
    <ClInclude Include="Status.h">
      <Filter>헤더 파일</Filter>
    </ClInclude>
    <ClInclude Include="SCButton.h">
      <Filter>헤더 파일</Filter>
    </ClInclude>
    <ClInclude Include="PartBase.h">
      <Filter>헤더 파일</Filter>
    </ClInclude>
    <ClInclude Include="Broadcaster.h">
      <Filter>헤더 파일</Filter>
    </ClInclude>
    <ClInclude Include="Observer.h">
      <Filter>헤더 파일</Filter>
    </ClInclude>
    <ClInclude Include="SCFidAlgo.h">
      <Filter>헤더 파일</Filter>
    </ClInclude>
    <ClInclude Include="repository.h">
      <Filter>헤더 파일</Filter>
    </ClInclude>
    <ClInclude Include="SCFidParamDlg.h">
      <Filter>헤더 파일</Filter>
    </ClInclude>
    <ClInclude Include="ModelBase.h">
      <Filter>헤더 파일</Filter>
    </ClInclude>
    <ClInclude Include="SCAlgoDialog.h">
      <Filter>헤더 파일</Filter>
    </ClInclude>
    <ClInclude Include="ModelData.h">
      <Filter>헤더 파일</Filter>
    </ClInclude>
    <ClInclude Include="CompoTracker.h">
      <Filter>헤더 파일</Filter>
    </ClInclude>
    <ClInclude Include="ParamsInterface.h">
      <Filter>헤더 파일</Filter>
    </ClInclude>
    <ClInclude Include="CamPart.h">
      <Filter>헤더 파일</Filter>
    </ClInclude>
    <ClInclude Include="Inspection.h">
      <Filter>헤더 파일</Filter>
    </ClInclude>
    <ClInclude Include="AlgorithmBase.h">
      <Filter>헤더 파일</Filter>
    </ClInclude>
    <ClInclude Include="modelfile.h">
      <Filter>헤더 파일</Filter>
    </ClInclude>
    <ClInclude Include="SCAlgobase.h">
      <Filter>헤더 파일</Filter>
    </ClInclude>
    <ClInclude Include="Module.h">
      <Filter>헤더 파일</Filter>
    </ClInclude>
    <ClInclude Include="Compo.h">
      <Filter>헤더 파일</Filter>
    </ClInclude>
    <ClInclude Include="Frame.h">
      <Filter>헤더 파일</Filter>
    </ClInclude>
    <ClInclude Include="LineEquation.h">
      <Filter>헤더 파일</Filter>
    </ClInclude>
    <ClInclude Include="CamDlg.h">
      <Filter>헤더 파일</Filter>
    </ClInclude>
    <ClInclude Include="IOSetDlg.h">
      <Filter>헤더 파일</Filter>
    </ClInclude>
    <ClInclude Include="CGInspIO.h">
      <Filter>헤더 파일</Filter>
    </ClInclude>
    <ClInclude Include="CGIOMapNTestDlg.h">
      <Filter>헤더 파일</Filter>
    </ClInclude>
    <ClInclude Include="ProcessLogicCtrl.h">
      <Filter>헤더 파일</Filter>
    </ClInclude>
    <ClInclude Include="Monitoring.h">
      <Filter>헤더 파일</Filter>
    </ClInclude>
    <ClInclude Include="MessageWnd.h">
      <Filter>헤더 파일</Filter>
    </ClInclude>
    <ClInclude Include="LoginDlg.h">
      <Filter>헤더 파일</Filter>
    </ClInclude>
    <ClInclude Include="UserControl.h">
      <Filter>헤더 파일</Filter>
    </ClInclude>
    <ClInclude Include="ConfigDlg.h">
      <Filter>헤더 파일</Filter>
    </ClInclude>
    <ClInclude Include="ConveyorCtrl.h">
      <Filter>헤더 파일</Filter>
    </ClInclude>
    <ClInclude Include="ConvTestDlg.h">
      <Filter>헤더 파일</Filter>
    </ClInclude>
    <ClInclude Include="Defines.h">
      <Filter>헤더 파일</Filter>
    </ClInclude>
    <ClInclude Include="EnvironmentDlg.h">
      <Filter>헤더 파일</Filter>
    </ClInclude>
    <ClInclude Include="Markup.h">
      <Filter>헤더 파일</Filter>
    </ClInclude>
  </ItemGroup>
  <ItemGroup>
    <ClCompile Include="CGInspector.cpp">
      <Filter>소스 파일</Filter>
    </ClCompile>
    <ClCompile Include="stdafx.cpp">
      <Filter>소스 파일</Filter>
    </ClCompile>
    <ClCompile Include="MainFrm.cpp">
      <Filter>소스 파일</Filter>
    </ClCompile>
    <ClCompile Include="CGInspectorDoc.cpp">
      <Filter>소스 파일</Filter>
    </ClCompile>
    <ClCompile Include="CGInspectorView.cpp">
      <Filter>소스 파일</Filter>
    </ClCompile>
    <ClCompile Include="CtrlPanelDlg.cpp">
      <Filter>소스 파일</Filter>
    </ClCompile>
    <ClCompile Include="ViewDlg.cpp">
      <Filter>소스 파일</Filter>
    </ClCompile>
    <ClCompile Include="DetailInfoDlg.cpp">
      <Filter>소스 파일</Filter>
    </ClCompile>
    <ClCompile Include="DetailPropDlg.cpp">
      <Filter>소스 파일</Filter>
    </ClCompile>
    <ClCompile Include="TabDetailLogDlg.cpp">
      <Filter>소스 파일</Filter>
    </ClCompile>
    <ClCompile Include="TabDetailResultDlg.cpp">
      <Filter>소스 파일</Filter>
    </ClCompile>
    <ClCompile Include="StatusPanelDlg.cpp">
      <Filter>소스 파일</Filter>
    </ClCompile>
    <ClCompile Include="Status.cpp">
      <Filter>소스 파일</Filter>
    </ClCompile>
    <ClCompile Include="SCButton.cpp">
      <Filter>소스 파일</Filter>
    </ClCompile>
    <ClCompile Include="PartBase.cpp">
      <Filter>소스 파일</Filter>
    </ClCompile>
    <ClCompile Include="Broadcaster.cpp">
      <Filter>소스 파일</Filter>
    </ClCompile>
    <ClCompile Include="Observer.cpp">
      <Filter>소스 파일</Filter>
    </ClCompile>
    <ClCompile Include="SCFidAlgo.cpp">
      <Filter>소스 파일</Filter>
    </ClCompile>
    <ClCompile Include="Repository.cpp">
      <Filter>소스 파일</Filter>
    </ClCompile>
    <ClCompile Include="SCFidParamDlg.cpp">
      <Filter>소스 파일</Filter>
    </ClCompile>
    <ClCompile Include="ModelBase.cpp">
      <Filter>소스 파일</Filter>
    </ClCompile>
    <ClCompile Include="SCAlgoDialog.cpp">
      <Filter>소스 파일</Filter>
    </ClCompile>
    <ClCompile Include="ModelData.cpp">
      <Filter>소스 파일</Filter>
    </ClCompile>
    <ClCompile Include="CompoTracker.cpp">
      <Filter>소스 파일</Filter>
    </ClCompile>
    <ClCompile Include="ParamsInterface.cpp">
      <Filter>소스 파일</Filter>
    </ClCompile>
    <ClCompile Include="CamPart.cpp">
      <Filter>소스 파일</Filter>
    </ClCompile>
    <ClCompile Include="Inspection.cpp">
      <Filter>소스 파일</Filter>
    </ClCompile>
    <ClCompile Include="AlgorithmBase.cpp">
      <Filter>소스 파일</Filter>
    </ClCompile>
    <ClCompile Include="ModelFile.cpp">
      <Filter>소스 파일</Filter>
    </ClCompile>
    <ClCompile Include="SCAlgoBase.cpp">
      <Filter>소스 파일</Filter>
    </ClCompile>
    <ClCompile Include="Module.cpp">
      <Filter>소스 파일</Filter>
    </ClCompile>
    <ClCompile Include="Compo.cpp">
      <Filter>소스 파일</Filter>
    </ClCompile>
    <ClCompile Include="Frame.cpp">
      <Filter>소스 파일</Filter>
    </ClCompile>
    <ClCompile Include="LineEquation.cpp">
      <Filter>소스 파일</Filter>
    </ClCompile>
    <ClCompile Include="CamDlg.cpp">
      <Filter>소스 파일</Filter>
    </ClCompile>
    <ClCompile Include="IOSetDlg.cpp">
      <Filter>소스 파일</Filter>
    </ClCompile>
    <ClCompile Include="CGInspIO.cpp">
      <Filter>소스 파일</Filter>
    </ClCompile>
    <ClCompile Include="CGIOMapNTestDlg.cpp">
      <Filter>소스 파일</Filter>
    </ClCompile>
    <ClCompile Include="ProcessLogicCtrl.cpp">
      <Filter>소스 파일</Filter>
    </ClCompile>
    <ClCompile Include="Monitoring.cpp">
      <Filter>소스 파일</Filter>
    </ClCompile>
    <ClCompile Include="MessageWnd.cpp">
      <Filter>소스 파일</Filter>
    </ClCompile>
    <ClCompile Include="LoginDlg.cpp">
      <Filter>소스 파일</Filter>
    </ClCompile>
    <ClCompile Include="UserControl.cpp">
      <Filter>소스 파일</Filter>
    </ClCompile>
    <ClCompile Include="ConfigDlg.cpp">
      <Filter>소스 파일</Filter>
    </ClCompile>
    <ClCompile Include="ConveyorCtrl.cpp">
      <Filter>소스 파일</Filter>
    </ClCompile>
    <ClCompile Include="ConvTestDlg.cpp">
      <Filter>소스 파일</Filter>
    </ClCompile>
    <ClCompile Include="EnvironmentDlg.cpp">
      <Filter>소스 파일</Filter>
    </ClCompile>
    <ClCompile Include="Markup.cpp">
      <Filter>소스 파일</Filter>
    </ClCompile>
  </ItemGroup>
  <ItemGroup>
    <ResourceCompile Include="CGInspector.rc">
      <Filter>리소스 파일</Filter>
    </ResourceCompile>
  </ItemGroup>
  <ItemGroup>
    <None Include="res\CGInspector.rc2">
      <Filter>리소스 파일</Filter>
    </None>
  </ItemGroup>
  <ItemGroup>
    <Image Include="res\CGInspectorDoc.ico">
      <Filter>리소스 파일</Filter>
    </Image>
    <Image Include="res\CGInspector.ico">
      <Filter>리소스 파일</Filter>
    </Image>
    <Image Include="res\Toolbar.bmp">
      <Filter>리소스 파일</Filter>
    </Image>
    <Image Include="res\Documents.ico">
      <Filter>리소스 파일</Filter>
    </Image>
    <Image Include="res\bitmain.bmp">
      <Filter>리소스 파일</Filter>
    </Image>
    <Image Include="res\LedOff.ico">
      <Filter>리소스 파일</Filter>
    </Image>
    <Image Include="res\LedOn.ico">
      <Filter>리소스 파일</Filter>
    </Image>
    <Image Include="res\greenButton.bmp">
      <Filter>리소스 파일</Filter>
    </Image>
    <Image Include="res\bitmap1.bmp">
      <Filter>리소스 파일</Filter>
    </Image>
  </ItemGroup>
</Project>